<?xml version="1.0" encoding="utf-8"?>
<Project ToolsVersion="4.0" xmlns="http://schemas.microsoft.com/developer/msbuild/2003">
  <ItemGroup>
    <Filter Include="WinMain">
      <UniqueIdentifier>{cd55549e-29d1-47f6-9ffc-c3d98da9ad44}</UniqueIdentifier>
    </Filter>
    <Filter Include="FrameWork">
      <UniqueIdentifier>{515d39cf-8d29-429c-b447-d501d67c0e37}</UniqueIdentifier>
    </Filter>
    <Filter Include="Basics">
      <UniqueIdentifier>{5596dcde-be60-4887-bf46-afc2dd48eb6d}</UniqueIdentifier>
    </Filter>
    <Filter Include="Scenes">
      <UniqueIdentifier>{4169d39d-7f66-47cd-bc8d-ec3f303beb6f}</UniqueIdentifier>
    </Filter>
    <Filter Include="FrameWork\SceneManager">
      <UniqueIdentifier>{bcba20c8-f656-4ba2-8079-83867764d763}</UniqueIdentifier>
    </Filter>
    <Filter Include="FrameWork\InputManager">
      <UniqueIdentifier>{3a29cb65-9614-4888-bb5d-6779fa2e5626}</UniqueIdentifier>
    </Filter>
    <Filter Include="Scenes\MainScene">
      <UniqueIdentifier>{e8399567-c266-4d21-ae79-7836837b2c4b}</UniqueIdentifier>
    </Filter>
    <Filter Include="FrameWork\SoundManger">
      <UniqueIdentifier>{78caa575-b5b7-4747-8584-c412cd6ac7c7}</UniqueIdentifier>
    </Filter>
    <Filter Include="Object">
      <UniqueIdentifier>{fc084259-4250-4c6c-aecd-2544c696360f}</UniqueIdentifier>
    </Filter>
    <Filter Include="Component">
      <UniqueIdentifier>{2a56b205-5507-4767-8151-5a3c728af6b5}</UniqueIdentifier>
    </Filter>
    <Filter Include="Singleton">
      <UniqueIdentifier>{6e308bc7-57d1-4e2b-81a6-f516cc8023d5}</UniqueIdentifier>
    </Filter>
    <Filter Include="Singleton\ObjectManager">
      <UniqueIdentifier>{90f8cf13-6986-4391-946f-c061707b3c6b}</UniqueIdentifier>
    </Filter>
    <Filter Include="Object\Character">
      <UniqueIdentifier>{80061f99-70b4-4d77-b1ed-781c7805ebe1}</UniqueIdentifier>
    </Filter>
    <Filter Include="Singleton\DataManager">
      <UniqueIdentifier>{94cb5491-7438-4f9e-9280-bd1303a25292}</UniqueIdentifier>
    </Filter>
    <Filter Include="Singleton\timeManager">
      <UniqueIdentifier>{2b9d77f5-e501-474a-ba75-d2f89244413f}</UniqueIdentifier>
    </Filter>
    <Filter Include="FrameWork\TextManager">
      <UniqueIdentifier>{1604aad5-76fa-4954-8072-4fa6c67edda0}</UniqueIdentifier>
    </Filter>
    <Filter Include="Component\SpriteRenderer">
      <UniqueIdentifier>{ae6beb92-f19c-4027-bb8b-ec90ec496301}</UniqueIdentifier>
    </Filter>
    <Filter Include="Component\TexVetexRednerer">
      <UniqueIdentifier>{cbaf1c76-07bc-4a53-a5ad-882a95eb2b4b}</UniqueIdentifier>
    </Filter>
    <Filter Include="Component\Camera">
      <UniqueIdentifier>{c4e0e335-3d27-4d79-8913-c9f00f7ea535}</UniqueIdentifier>
    </Filter>
    <Filter Include="Object\Camera">
      <UniqueIdentifier>{54be723e-a0be-4a2b-a904-ac19b5f494c5}</UniqueIdentifier>
    </Filter>
  </ItemGroup>
  <ItemGroup>
    <Text Include="ReadMe.txt" />
  </ItemGroup>
  <ItemGroup>
    <ClInclude Include="WinMain.h">
      <Filter>WinMain</Filter>
    </ClInclude>
    <ClInclude Include="Resource.h">
      <Filter>Basics</Filter>
    </ClInclude>
    <ClInclude Include="stdafx.h">
      <Filter>Basics</Filter>
    </ClInclude>
    <ClInclude Include="targetver.h">
      <Filter>Basics</Filter>
    </ClInclude>
    <ClInclude Include="MainProc.h">
      <Filter>WinMain</Filter>
    </ClInclude>
    <ClInclude Include="cSceneManager.h">
      <Filter>FrameWork\SceneManager</Filter>
    </ClInclude>
    <ClInclude Include="BaseScene.h">
      <Filter>Scenes</Filter>
    </ClInclude>
    <ClInclude Include="cTime.h">
      <Filter>Singleton\timeManager</Filter>
    </ClInclude>
    <ClInclude Include="InputManager.h">
      <Filter>FrameWork\InputManager</Filter>
    </ClInclude>
    <ClInclude Include="MainScene.h">
      <Filter>Scenes\MainScene</Filter>
    </ClInclude>
    <ClInclude Include="SoundManager.h">
      <Filter>FrameWork\SoundManger</Filter>
    </ClInclude>
    <ClInclude Include="Component.h">
      <Filter>Component</Filter>
    </ClInclude>
    <ClInclude Include="TextManager.h">
      <Filter>FrameWork\TextManager</Filter>
    </ClInclude>
    <ClInclude Include="Object.h">
      <Filter>Object</Filter>
    </ClInclude>
    <ClInclude Include="ObjectManager.h">
      <Filter>Singleton\ObjectManager</Filter>
    </ClInclude>
    <ClInclude Include="SingleTon.h">
      <Filter>Singleton</Filter>
    </ClInclude>
    <ClInclude Include="SpriteRenderer.h">
      <Filter>Component\SpriteRenderer</Filter>
    </ClInclude>
    <ClInclude Include="Character.h">
      <Filter>Object\Character</Filter>
    </ClInclude>
    <ClInclude Include="DataManager.h">
      <Filter>Singleton\DataManager</Filter>
    </ClInclude>
    <ClInclude Include="TexVertexRenderer.h">
      <Filter>Component\TexVetexRednerer</Filter>
    </ClInclude>
    <ClInclude Include="cCamera.h">
      <Filter>Component\Camera</Filter>
    </ClInclude>
    <ClInclude Include="Camera01.h">
      <Filter>Object\Camera</Filter>
    </ClInclude>
  </ItemGroup>
  <ItemGroup>
    <ClCompile Include="WinMain.cpp">
      <Filter>WinMain</Filter>
    </ClCompile>
    <ClCompile Include="stdafx.cpp">
      <Filter>Basics</Filter>
    </ClCompile>
    <ClCompile Include="MainProc.cpp">
      <Filter>WinMain</Filter>
    </ClCompile>
    <ClCompile Include="cSceneManager.cpp">
      <Filter>FrameWork\SceneManager</Filter>
    </ClCompile>
    <ClCompile Include="cTime.cpp">
      <Filter>Singleton\timeManager</Filter>
    </ClCompile>
    <ClCompile Include="InputManager.cpp">
      <Filter>FrameWork\InputManager</Filter>
    </ClCompile>
    <ClCompile Include="MainScene.cpp">
      <Filter>Scenes\MainScene</Filter>
    </ClCompile>
    <ClCompile Include="SoundManager.cpp">
      <Filter>FrameWork\SoundManger</Filter>
    </ClCompile>
    <ClCompile Include="Component.cpp">
      <Filter>Component</Filter>
    </ClCompile>
    <ClCompile Include="TextManager.cpp">
      <Filter>FrameWork\TextManager</Filter>
    </ClCompile>
    <ClCompile Include="ObjectManager.cpp">
      <Filter>Singleton\ObjectManager</Filter>
    </ClCompile>
    <ClCompile Include="SpriteRenderer.cpp">
      <Filter>Component\SpriteRenderer</Filter>
    </ClCompile>
    <ClCompile Include="Object.cpp">
      <Filter>Object</Filter>
    </ClCompile>
    <ClCompile Include="Character.cpp">
      <Filter>Object\Character</Filter>
    </ClCompile>
    <ClCompile Include="DataManager.cpp">
      <Filter>Singleton\DataManager</Filter>
    </ClCompile>
    <ClCompile Include="TexVertexRenderer.cpp">
      <Filter>Component\TexVetexRednerer</Filter>
    </ClCompile>
    <ClCompile Include="cCamera.cpp">
      <Filter>Component\Camera</Filter>
    </ClCompile>
    <ClCompile Include="Camera01.cpp">
      <Filter>Object\Camera</Filter>
    </ClCompile>
  </ItemGroup>
</Project>